
Microsoft Visual Studio Solution File, Format Version 12.00
Project("{FAE04EC0-301F-11D3-BF4B-00C04F79EFBC}") = "Forum", "Forum\Forum.csproj", "{029FA2B2-6DE8-452D-BB61-BB33E7DA171D}"
EndProject
Global
	GlobalSection(SolutionConfigurationPlatforms) = preSolution
		Debug|Any CPU = Debug|Any CPU
		Release|Any CPU = Release|Any CPU
	EndGlobalSection
	GlobalSection(ProjectConfigurationPlatforms) = postSolution
		{029FA2B2-6DE8-452D-BB61-BB33E7DA171D}.Debug|Any CPU.ActiveCfg = Debug|Any CPU
		{029FA2B2-6DE8-452D-BB61-BB33E7DA171D}.Debug|Any CPU.Build.0 = Debug|Any CPU
		{029FA2B2-6DE8-452D-BB61-BB33E7DA171D}.Release|Any CPU.ActiveCfg = Release|Any CPU
		{029FA2B2-6DE8-452D-BB61-BB33E7DA171D}.Release|Any CPU.Build.0 = Release|Any CPU
	EndGlobalSection
EndGlobal
