
Microsoft Visual Studio Solution File, Format Version 12.00
Project("{FAE04EC0-301F-11D3-BF4B-00C04F79EFBC}") = "Forum", "Forum\Forum.csproj", "{029FA2B2-6DE8-452D-BB61-BB33E7DA171D}"
EndProject
Project("{FAE04EC0-301F-11D3-BF4B-00C04F79EFBC}") = "Forum2", "Forum2\Forum2.csproj", "{5BFA3481-980D-4E11-93B5-991A6E1366CC}"
EndProject
Project("{FAE04EC0-301F-11D3-BF4B-00C04F79EFBC}") = "Forum3", "Forum3\Forum3.csproj", "{76EE1207-D6FB-4576-9F82-CCAD0EF9E2B4}"
EndProject
Project("{FAE04EC0-301F-11D3-BF4B-00C04F79EFBC}") = "Forum4", "Forum4\Forum4.csproj", "{6E853CC3-50B9-4623-AD1F-573A9292221C}"
EndProject
Global
	GlobalSection(SolutionConfigurationPlatforms) = preSolution
		Debug|Any CPU = Debug|Any CPU
		Release|Any CPU = Release|Any CPU
	EndGlobalSection
	GlobalSection(ProjectConfigurationPlatforms) = postSolution
		{029FA2B2-6DE8-452D-BB61-BB33E7DA171D}.Debug|Any CPU.ActiveCfg = Debug|Any CPU
		{029FA2B2-6DE8-452D-BB61-BB33E7DA171D}.Debug|Any CPU.Build.0 = Debug|Any CPU
		{029FA2B2-6DE8-452D-BB61-BB33E7DA171D}.Release|Any CPU.ActiveCfg = Release|Any CPU
		{029FA2B2-6DE8-452D-BB61-BB33E7DA171D}.Release|Any CPU.Build.0 = Release|Any CPU
		{5BFA3481-980D-4E11-93B5-991A6E1366CC}.Debug|Any CPU.ActiveCfg = Debug|Any CPU
		{5BFA3481-980D-4E11-93B5-991A6E1366CC}.Debug|Any CPU.Build.0 = Debug|Any CPU
		{5BFA3481-980D-4E11-93B5-991A6E1366CC}.Release|Any CPU.ActiveCfg = Release|Any CPU
		{5BFA3481-980D-4E11-93B5-991A6E1366CC}.Release|Any CPU.Build.0 = Release|Any CPU
		{76EE1207-D6FB-4576-9F82-CCAD0EF9E2B4}.Debug|Any CPU.ActiveCfg = Debug|Any CPU
		{76EE1207-D6FB-4576-9F82-CCAD0EF9E2B4}.Debug|Any CPU.Build.0 = Debug|Any CPU
		{76EE1207-D6FB-4576-9F82-CCAD0EF9E2B4}.Release|Any CPU.ActiveCfg = Release|Any CPU
		{76EE1207-D6FB-4576-9F82-CCAD0EF9E2B4}.Release|Any CPU.Build.0 = Release|Any CPU
		{6E853CC3-50B9-4623-AD1F-573A9292221C}.Debug|Any CPU.ActiveCfg = Debug|Any CPU
		{6E853CC3-50B9-4623-AD1F-573A9292221C}.Debug|Any CPU.Build.0 = Debug|Any CPU
		{6E853CC3-50B9-4623-AD1F-573A9292221C}.Release|Any CPU.ActiveCfg = Release|Any CPU
		{6E853CC3-50B9-4623-AD1F-573A9292221C}.Release|Any CPU.Build.0 = Release|Any CPU
	EndGlobalSection
EndGlobal
